
Microsoft Visual Studio Solution File, Format Version 12.00
# Visual Studio 15
VisualStudioVersion = 15.0.28307.421
MinimumVisualStudioVersion = 10.0.40219.1
Project("{888888A0-9F3D-457C-B088-3A5042F75D52}") = "FIEK-UDP-Klienti", "FIEK-UDP-Klienti\FIEK-UDP-Klienti.pyproj", "{6AA77281-E3B9-4ED4-AC9A-01FD4297843C}"
EndProject
Global
	GlobalSection(SolutionConfigurationPlatforms) = preSolution
		Debug|Any CPU = Debug|Any CPU
		Release|Any CPU = Release|Any CPU
	EndGlobalSection
	GlobalSection(ProjectConfigurationPlatforms) = postSolution
		{6AA77281-E3B9-4ED4-AC9A-01FD4297843C}.Debug|Any CPU.ActiveCfg = Debug|Any CPU
		{6AA77281-E3B9-4ED4-AC9A-01FD4297843C}.Release|Any CPU.ActiveCfg = Release|Any CPU
	EndGlobalSection
	GlobalSection(SolutionProperties) = preSolution
		HideSolutionNode = FALSE
	EndGlobalSection
	GlobalSection(ExtensibilityGlobals) = postSolution
		SolutionGuid = {4C3C8C19-59FF-4CE8-92D6-DA0017BA8C70}
	EndGlobalSection
EndGlobal
